
Microsoft Visual Studio Solution File, Format Version 12.00
# Visual Studio Version 16
VisualStudioVersion = 16.0.29230.47
MinimumVisualStudioVersion = 10.0.40219.1
Project("{FAE04EC0-301F-11D3-BF4B-00C04F79EFBC}") = "Test30", "Test30\Test30.csproj", "{A2B7EA08-9D73-44BF-813C-C277D1C562BE}"
EndProject
Global
	GlobalSection(SolutionConfigurationPlatforms) = preSolution
		Debug|Any CPU = Debug|Any CPU
		Release|Any CPU = Release|Any CPU
	EndGlobalSection
	GlobalSection(ProjectConfigurationPlatforms) = postSolution
		{A2B7EA08-9D73-44BF-813C-C277D1C562BE}.Debug|Any CPU.ActiveCfg = Debug|Any CPU
		{A2B7EA08-9D73-44BF-813C-C277D1C562BE}.Debug|Any CPU.Build.0 = Debug|Any CPU
		{A2B7EA08-9D73-44BF-813C-C277D1C562BE}.Release|Any CPU.ActiveCfg = Release|Any CPU
		{A2B7EA08-9D73-44BF-813C-C277D1C562BE}.Release|Any CPU.Build.0 = Release|Any CPU
	EndGlobalSection
	GlobalSection(SolutionProperties) = preSolution
		HideSolutionNode = FALSE
	EndGlobalSection
	GlobalSection(ExtensibilityGlobals) = postSolution
		SolutionGuid = {F86FCD57-2A0B-4068-B236-BE467D276BD1}
	EndGlobalSection
EndGlobal
